
Microsoft Visual Studio Solution File, Format Version 12.00
# Visual Studio 2013
VisualStudioVersion = 12.0.31101.0
MinimumVisualStudioVersion = 10.0.40219.1
Project("{2150E333-8FDC-42A3-9474-1A3956D46DE8}") = "Cores", "Cores", "{90862599-733E-4F6F-B0FA-06D167CA60FA}"
EndProject
Project("{2150E333-8FDC-42A3-9474-1A3956D46DE8}") = "Demo", "Demo", "{F31A4520-0AFF-405E-AEAA-53D781F24C2E}"
EndProject
Project("{2150E333-8FDC-42A3-9474-1A3956D46DE8}") = "Testing", "Testing", "{EEAE06DB-21B8-48CC-B66A-962C187D9599}"
EndProject
Project("{8BC9CEB8-8B4A-11D0-8D11-00A0C91BC942}") = "D3D9Graphics", "D3D9Graphics\D3D9Graphics.vcxproj", "{ED7B71AD-0BB5-4656-8C64-DEF2B4529056}"
EndProject
Project("{8BC9CEB8-8B4A-11D0-8D11-00A0C91BC942}") = "Main", "Main\Main.vcxproj", "{FA8F99D3-8968-4FEF-A750-9060067EFD12}"
EndProject
Project("{8BC9CEB8-8B4A-11D0-8D11-00A0C91BC942}") = "Audio", "Audio\Audio.vcxproj", "{2EBB938A-2CE4-4C86-88CE-8896330D7534}"
EndProject
Project("{8BC9CEB8-8B4A-11D0-8D11-00A0C91BC942}") = "AI", "AI\AI.vcxproj", "{EEC6EF50-39C6-4E1D-997F-E7AE24A3CDB3}"
EndProject
Project("{8BC9CEB8-8B4A-11D0-8D11-00A0C91BC942}") = "Physics", "Physics\Physics.vcxproj", "{86B8BFB7-7F37-4910-9592-968DCAF55A36}"
EndProject
Project("{8BC9CEB8-8B4A-11D0-8D11-00A0C91BC942}") = "UI", "UI\UI.vcxproj", "{5D0D196A-232A-4BE8-9811-DEE51D4AD3F1}"
EndProject
Project("{8BC9CEB8-8B4A-11D0-8D11-00A0C91BC942}") = "EngineDemo", "EngineDemo\EngineDemo.vcxproj", "{1EA1FA25-06F4-4E0A-BB79-808E7D8E425E}"
EndProject
Project("{8BC9CEB8-8B4A-11D0-8D11-00A0C91BC942}") = "AITesting", "AITesting\AITesting.vcxproj", "{F663000D-A626-4892-A91B-D949703B3A85}"
EndProject
Project("{8BC9CEB8-8B4A-11D0-8D11-00A0C91BC942}") = "UITesting", "UITesting\UITesting.vcxproj", "{E335CB0C-AECE-435D-94A9-3EACA3E9CBE9}"
EndProject
Project("{8BC9CEB8-8B4A-11D0-8D11-00A0C91BC942}") = "AudioTesting", "AudioTesting\AudioTesting.vcxproj", "{ED314CDE-7B9F-4277-A3B1-76809B22DE4E}"
EndProject
Project("{8BC9CEB8-8B4A-11D0-8D11-00A0C91BC942}") = "MainTesting", "MainTesting\MainTesting.vcxproj", "{01928046-24CA-4F65-AA14-973FF21D9DF7}"
EndProject
Project("{8BC9CEB8-8B4A-11D0-8D11-00A0C91BC942}") = "GraphicsTesting", "GraphicsTesting\GraphicsTesting.vcxproj", "{00E8483A-A760-48A9-B302-30634BBC74E7}"
	ProjectSection(ProjectDependencies) = postProject
		{ED7B71AD-0BB5-4656-8C64-DEF2B4529056} = {ED7B71AD-0BB5-4656-8C64-DEF2B4529056}
	EndProjectSection
EndProject
Project("{8BC9CEB8-8B4A-11D0-8D11-00A0C91BC942}") = "PhysicsTesting", "PhysicsTesting\PhysicsTesting.vcxproj", "{8A3E59D7-25ED-4C06-95B7-F7B99666BAD5}"
	ProjectSection(ProjectDependencies) = postProject
		{86B8BFB7-7F37-4910-9592-968DCAF55A36} = {86B8BFB7-7F37-4910-9592-968DCAF55A36}
	EndProjectSection
EndProject
Global
	GlobalSection(SolutionConfigurationPlatforms) = preSolution
		Debug|Win32 = Debug|Win32
		Release|Win32 = Release|Win32
	EndGlobalSection
	GlobalSection(ProjectConfigurationPlatforms) = postSolution
		{ED7B71AD-0BB5-4656-8C64-DEF2B4529056}.Debug|Win32.ActiveCfg = Debug|Win32
		{ED7B71AD-0BB5-4656-8C64-DEF2B4529056}.Debug|Win32.Build.0 = Debug|Win32
		{ED7B71AD-0BB5-4656-8C64-DEF2B4529056}.Release|Win32.ActiveCfg = Release|Win32
		{ED7B71AD-0BB5-4656-8C64-DEF2B4529056}.Release|Win32.Build.0 = Release|Win32
		{FA8F99D3-8968-4FEF-A750-9060067EFD12}.Debug|Win32.ActiveCfg = Debug|Win32
		{FA8F99D3-8968-4FEF-A750-9060067EFD12}.Debug|Win32.Build.0 = Debug|Win32
		{FA8F99D3-8968-4FEF-A750-9060067EFD12}.Release|Win32.ActiveCfg = Release|Win32
		{FA8F99D3-8968-4FEF-A750-9060067EFD12}.Release|Win32.Build.0 = Release|Win32
		{2EBB938A-2CE4-4C86-88CE-8896330D7534}.Debug|Win32.ActiveCfg = Debug|Win32
		{2EBB938A-2CE4-4C86-88CE-8896330D7534}.Debug|Win32.Build.0 = Debug|Win32
		{2EBB938A-2CE4-4C86-88CE-8896330D7534}.Release|Win32.ActiveCfg = Release|Win32
		{2EBB938A-2CE4-4C86-88CE-8896330D7534}.Release|Win32.Build.0 = Release|Win32
		{EEC6EF50-39C6-4E1D-997F-E7AE24A3CDB3}.Debug|Win32.ActiveCfg = Debug|Win32
		{EEC6EF50-39C6-4E1D-997F-E7AE24A3CDB3}.Debug|Win32.Build.0 = Debug|Win32
		{EEC6EF50-39C6-4E1D-997F-E7AE24A3CDB3}.Release|Win32.ActiveCfg = Release|Win32
		{EEC6EF50-39C6-4E1D-997F-E7AE24A3CDB3}.Release|Win32.Build.0 = Release|Win32
		{86B8BFB7-7F37-4910-9592-968DCAF55A36}.Debug|Win32.ActiveCfg = Debug|Win32
		{86B8BFB7-7F37-4910-9592-968DCAF55A36}.Debug|Win32.Build.0 = Debug|Win32
		{86B8BFB7-7F37-4910-9592-968DCAF55A36}.Release|Win32.ActiveCfg = Release|Win32
		{86B8BFB7-7F37-4910-9592-968DCAF55A36}.Release|Win32.Build.0 = Release|Win32
		{5D0D196A-232A-4BE8-9811-DEE51D4AD3F1}.Debug|Win32.ActiveCfg = Debug|Win32
		{5D0D196A-232A-4BE8-9811-DEE51D4AD3F1}.Debug|Win32.Build.0 = Debug|Win32
		{5D0D196A-232A-4BE8-9811-DEE51D4AD3F1}.Release|Win32.ActiveCfg = Release|Win32
		{5D0D196A-232A-4BE8-9811-DEE51D4AD3F1}.Release|Win32.Build.0 = Release|Win32
		{1EA1FA25-06F4-4E0A-BB79-808E7D8E425E}.Debug|Win32.ActiveCfg = Debug|Win32
		{1EA1FA25-06F4-4E0A-BB79-808E7D8E425E}.Debug|Win32.Build.0 = Debug|Win32
		{1EA1FA25-06F4-4E0A-BB79-808E7D8E425E}.Release|Win32.ActiveCfg = Release|Win32
		{1EA1FA25-06F4-4E0A-BB79-808E7D8E425E}.Release|Win32.Build.0 = Release|Win32
		{F663000D-A626-4892-A91B-D949703B3A85}.Debug|Win32.ActiveCfg = Debug|Win32
		{F663000D-A626-4892-A91B-D949703B3A85}.Debug|Win32.Build.0 = Debug|Win32
		{F663000D-A626-4892-A91B-D949703B3A85}.Release|Win32.ActiveCfg = Release|Win32
		{F663000D-A626-4892-A91B-D949703B3A85}.Release|Win32.Build.0 = Release|Win32
		{E335CB0C-AECE-435D-94A9-3EACA3E9CBE9}.Debug|Win32.ActiveCfg = Debug|Win32
		{E335CB0C-AECE-435D-94A9-3EACA3E9CBE9}.Debug|Win32.Build.0 = Debug|Win32
		{E335CB0C-AECE-435D-94A9-3EACA3E9CBE9}.Release|Win32.ActiveCfg = Release|Win32
		{E335CB0C-AECE-435D-94A9-3EACA3E9CBE9}.Release|Win32.Build.0 = Release|Win32
		{ED314CDE-7B9F-4277-A3B1-76809B22DE4E}.Debug|Win32.ActiveCfg = Debug|Win32
		{ED314CDE-7B9F-4277-A3B1-76809B22DE4E}.Debug|Win32.Build.0 = Debug|Win32
		{ED314CDE-7B9F-4277-A3B1-76809B22DE4E}.Release|Win32.ActiveCfg = Release|Win32
		{ED314CDE-7B9F-4277-A3B1-76809B22DE4E}.Release|Win32.Build.0 = Release|Win32
		{01928046-24CA-4F65-AA14-973FF21D9DF7}.Debug|Win32.ActiveCfg = Debug|Win32
		{01928046-24CA-4F65-AA14-973FF21D9DF7}.Debug|Win32.Build.0 = Debug|Win32
		{01928046-24CA-4F65-AA14-973FF21D9DF7}.Release|Win32.ActiveCfg = Release|Win32
		{01928046-24CA-4F65-AA14-973FF21D9DF7}.Release|Win32.Build.0 = Release|Win32
		{00E8483A-A760-48A9-B302-30634BBC74E7}.Debug|Win32.ActiveCfg = Debug|Win32
		{00E8483A-A760-48A9-B302-30634BBC74E7}.Debug|Win32.Build.0 = Debug|Win32
		{00E8483A-A760-48A9-B302-30634BBC74E7}.Release|Win32.ActiveCfg = Release|Win32
		{00E8483A-A760-48A9-B302-30634BBC74E7}.Release|Win32.Build.0 = Release|Win32
		{8A3E59D7-25ED-4C06-95B7-F7B99666BAD5}.Debug|Win32.ActiveCfg = Debug|Win32
		{8A3E59D7-25ED-4C06-95B7-F7B99666BAD5}.Debug|Win32.Build.0 = Debug|Win32
		{8A3E59D7-25ED-4C06-95B7-F7B99666BAD5}.Release|Win32.ActiveCfg = Release|Win32
		{8A3E59D7-25ED-4C06-95B7-F7B99666BAD5}.Release|Win32.Build.0 = Release|Win32
	EndGlobalSection
	GlobalSection(SolutionProperties) = preSolution
		HideSolutionNode = FALSE
	EndGlobalSection
	GlobalSection(NestedProjects) = preSolution
		{ED7B71AD-0BB5-4656-8C64-DEF2B4529056} = {90862599-733E-4F6F-B0FA-06D167CA60FA}
		{FA8F99D3-8968-4FEF-A750-9060067EFD12} = {90862599-733E-4F6F-B0FA-06D167CA60FA}
		{2EBB938A-2CE4-4C86-88CE-8896330D7534} = {90862599-733E-4F6F-B0FA-06D167CA60FA}
		{EEC6EF50-39C6-4E1D-997F-E7AE24A3CDB3} = {90862599-733E-4F6F-B0FA-06D167CA60FA}
		{86B8BFB7-7F37-4910-9592-968DCAF55A36} = {90862599-733E-4F6F-B0FA-06D167CA60FA}
		{5D0D196A-232A-4BE8-9811-DEE51D4AD3F1} = {90862599-733E-4F6F-B0FA-06D167CA60FA}
		{1EA1FA25-06F4-4E0A-BB79-808E7D8E425E} = {F31A4520-0AFF-405E-AEAA-53D781F24C2E}
		{F663000D-A626-4892-A91B-D949703B3A85} = {EEAE06DB-21B8-48CC-B66A-962C187D9599}
		{E335CB0C-AECE-435D-94A9-3EACA3E9CBE9} = {EEAE06DB-21B8-48CC-B66A-962C187D9599}
		{ED314CDE-7B9F-4277-A3B1-76809B22DE4E} = {EEAE06DB-21B8-48CC-B66A-962C187D9599}
		{01928046-24CA-4F65-AA14-973FF21D9DF7} = {EEAE06DB-21B8-48CC-B66A-962C187D9599}
		{00E8483A-A760-48A9-B302-30634BBC74E7} = {EEAE06DB-21B8-48CC-B66A-962C187D9599}
		{8A3E59D7-25ED-4C06-95B7-F7B99666BAD5} = {EEAE06DB-21B8-48CC-B66A-962C187D9599}
	EndGlobalSection
EndGlobal
